<?xml version="1.0" encoding="utf-8"?>
<Project ToolsVersion="4.0" xmlns="http://schemas.microsoft.com/developer/msbuild/2003">
  <ItemGroup>
    <ClCompile Include="MyGlWindow.cpp">
      <Filter>Sources</Filter>
    </ClCompile>
    <ClCompile Include="Source.cpp">
      <Filter>Sources</Filter>
    </ClCompile>
    <ClCompile Include="Viewer.cpp">
      <Filter>Library</Filter>
    </ClCompile>
    <ClCompile Include="Plane.cpp">
      <Filter>Sources</Filter>
    </ClCompile>
    <ClCompile Include="timing.cpp">
      <Filter>Sources</Filter>
    </ClCompile>
    <ClCompile Include="Particle.cpp">
      <Filter>Sources</Filter>
    </ClCompile>
    <ClCompile Include="Imgui\imgui.cpp">
      <Filter>imgui</Filter>
    </ClCompile>
    <ClCompile Include="Imgui\imgui_demo.cpp">
      <Filter>imgui</Filter>
    </ClCompile>
    <ClCompile Include="Imgui\imgui_draw.cpp">
      <Filter>imgui</Filter>
    </ClCompile>
    <ClCompile Include="Imgui\imgui_impl_glfw.cpp">
      <Filter>imgui</Filter>
    </ClCompile>
    <ClCompile Include="Imgui\imgui_impl_opengl3.cpp">
      <Filter>imgui</Filter>
    </ClCompile>
    <ClCompile Include="Imgui\imgui_widgets.cpp">
      <Filter>imgui</Filter>
    </ClCompile>
    <ClCompile Include="Arrow.cpp">
      <Filter>Sources</Filter>
    </ClCompile>
    <ClCompile Include="KTX.cpp">
      <Filter>Sources</Filter>
    </ClCompile>
    <ClCompile Include="Mesh.cpp">
      <Filter>Sources</Filter>
    </ClCompile>
  </ItemGroup>
  <ItemGroup>
    <ClInclude Include="ModelView.h">
      <Filter>Library</Filter>
    </ClInclude>
    <ClInclude Include="MyGlWindow.h">
      <Filter>Headers</Filter>
    </ClInclude>
    <ClInclude Include="stb_image.h">
      <Filter>Library</Filter>
    </ClInclude>
    <ClInclude Include="Viewer.h">
      <Filter>Library</Filter>
    </ClInclude>
    <ClInclude Include="Plane.h">
      <Filter>Headers</Filter>
    </ClInclude>
    <ClInclude Include="timing.h">
      <Filter>Headers</Filter>
    </ClInclude>
    <ClInclude Include="random.h">
      <Filter>Headers</Filter>
    </ClInclude>
    <ClInclude Include="Loader.h">
      <Filter>Headers</Filter>
    </ClInclude>
    <ClInclude Include="Particle.h">
      <Filter>Headers</Filter>
    </ClInclude>
    <ClInclude Include="Imgui\imconfig.h">
      <Filter>imgui</Filter>
    </ClInclude>
    <ClInclude Include="Imgui\imgui.h">
      <Filter>imgui</Filter>
    </ClInclude>
    <ClInclude Include="Imgui\imgui_impl_glfw.h">
      <Filter>imgui</Filter>
    </ClInclude>
    <ClInclude Include="Imgui\imgui_impl_opengl3.h">
      <Filter>imgui</Filter>
    </ClInclude>
    <ClInclude Include="Imgui\imgui_internal.h">
      <Filter>imgui</Filter>
    </ClInclude>
    <ClInclude Include="Imgui\imstb_rectpack.h">
      <Filter>imgui</Filter>
    </ClInclude>
    <ClInclude Include="Imgui\imstb_textedit.h">
      <Filter>imgui</Filter>
    </ClInclude>
    <ClInclude Include="Imgui\imstb_truetype.h">
      <Filter>imgui</Filter>
    </ClInclude>
    <ClInclude Include="KTX.h">
      <Filter>Headers</Filter>
    </ClInclude>
    <ClInclude Include="Arrow.hpp">
      <Filter>Headers</Filter>
    </ClInclude>
    <ClInclude Include="Mesh.h">
      <Filter>Headers</Filter>
    </ClInclude>
  </ItemGroup>
  <ItemGroup>
    <Filter Include="Headers">
      <UniqueIdentifier>{6e17e92d-623e-4ebb-b498-a987e21bece7}</UniqueIdentifier>
    </Filter>
    <Filter Include="Sources">
      <UniqueIdentifier>{09d16e0a-b0ae-4ca8-8b6d-a0fba9b9765a}</UniqueIdentifier>
    </Filter>
    <Filter Include="Library">
      <UniqueIdentifier>{0d89a5c2-13e5-477c-9e10-a75bf1f9c512}</UniqueIdentifier>
    </Filter>
    <Filter Include="Shaders">
      <UniqueIdentifier>{e1bf91d8-2780-4eb7-bab6-e5f9fa22d4c4}</UniqueIdentifier>
    </Filter>
    <Filter Include="imgui">
      <UniqueIdentifier>{f72d662f-fdcc-4964-9bf8-aebfcf836b11}</UniqueIdentifier>
    </Filter>
  </ItemGroup>
  <ItemGroup>
    <None Include="shaders\diffuse.frag">
      <Filter>Shaders</Filter>
    </None>
    <None Include="shaders\diffuse.vert">
      <Filter>Shaders</Filter>
    </None>
    <None Include="shaders\Particle.vert">
      <Filter>Shaders</Filter>
    </None>
    <None Include="shaders\Particle.frag">
      <Filter>Shaders</Filter>
    </None>
    <None Include="shaders\simple.vert">
      <Filter>Shaders</Filter>
    </None>
    <None Include="shaders\simple.frag">
      <Filter>Shaders</Filter>
    </None>
    <None Include="shaders\Particle_spotlight.vert" />
    <None Include="shaders\Particle_spotlight.frag" />
    <None Include="shaders\spotlightObject.frag">
      <Filter>Shaders</Filter>
    </None>
    <None Include="shaders\spotlightObject.vert">
      <Filter>Shaders</Filter>
    </None>
  </ItemGroup>
</Project>